
Microsoft Visual Studio Solution File, Format Version 12.00
# Visual Studio Version 17
VisualStudioVersion = 17.13.35828.75 d17.13
MinimumVisualStudioVersion = 10.0.40219.1
Project("{FAE04EC0-301F-11D3-BF4B-00C04F79EFBC}") = "Bank Managing.Android", "Bank Managing\Bank Managing.Android\Bank Managing.Android.csproj", "{392947CE-B331-499D-988E-619B11835B72}"
EndProject
Project("{FAE04EC0-301F-11D3-BF4B-00C04F79EFBC}") = "Bank Managing", "Bank Managing\Bank Managing\Bank Managing.csproj", "{62280C58-59CC-415A-9EBD-8070D1EB22C3}"
EndProject
Global
	GlobalSection(SolutionConfigurationPlatforms) = preSolution
		Debug|Any CPU = Debug|Any CPU
		Release|Any CPU = Release|Any CPU
	EndGlobalSection
	GlobalSection(ProjectConfigurationPlatforms) = postSolution
		{392947CE-B331-499D-988E-619B11835B72}.Debug|Any CPU.ActiveCfg = Debug|Any CPU
		{392947CE-B331-499D-988E-619B11835B72}.Debug|Any CPU.Build.0 = Debug|Any CPU
		{392947CE-B331-499D-988E-619B11835B72}.Debug|Any CPU.Deploy.0 = Debug|Any CPU
		{392947CE-B331-499D-988E-619B11835B72}.Release|Any CPU.ActiveCfg = Release|Any CPU
		{392947CE-B331-499D-988E-619B11835B72}.Release|Any CPU.Build.0 = Release|Any CPU
		{392947CE-B331-499D-988E-619B11835B72}.Release|Any CPU.Deploy.0 = Release|Any CPU
		{62280C58-59CC-415A-9EBD-8070D1EB22C3}.Debug|Any CPU.ActiveCfg = Debug|Any CPU
		{62280C58-59CC-415A-9EBD-8070D1EB22C3}.Debug|Any CPU.Build.0 = Debug|Any CPU
		{62280C58-59CC-415A-9EBD-8070D1EB22C3}.Debug|Any CPU.Deploy.0 = Debug|Any CPU
		{62280C58-59CC-415A-9EBD-8070D1EB22C3}.Release|Any CPU.ActiveCfg = Release|Any CPU
		{62280C58-59CC-415A-9EBD-8070D1EB22C3}.Release|Any CPU.Build.0 = Release|Any CPU
		{62280C58-59CC-415A-9EBD-8070D1EB22C3}.Release|Any CPU.Deploy.0 = Release|Any CPU
	EndGlobalSection
	GlobalSection(SolutionProperties) = preSolution
		HideSolutionNode = FALSE
	EndGlobalSection
	GlobalSection(ExtensibilityGlobals) = postSolution
		SolutionGuid = {A9AA8526-584D-46C3-A245-C3B39B1029AA}
	EndGlobalSection
EndGlobal
